# @generated - this file is auto-generated by `mise lock` https://mise.jdx.dev/dev-tools/mise-lock.html

[[tools.doppler]]
version = "3.76.5"
backend = "github:DopplerHQ/cli"

[tools.doppler."platforms.linux-x64"]
checksum = "sha256:1b2f412d984920d665daf233ab6c15b364df9339b5c5b5224d5e8ee4e0a70154"
url = "https://github.com/DopplerHQ/cli/releases/download/3.76.5/doppler_3.76.5_linux_amd64.tar.gz"
url_api = "https://api.github.com/repos/DopplerHQ/cli/releases/assets/514702541"
provenance = "github-attestations"

[tools.doppler."platforms.macos-arm64"]
checksum = "sha256:91c4bab5bbd3b630dea8c96e9c0a39cf9e59bf7772f34ab979bea66ccee9560a"
url = "https://github.com/DopplerHQ/cli/releases/download/3.76.5/doppler_3.76.5_macOS_arm64.tar.gz"
url_api = "https://api.github.com/repos/DopplerHQ/cli/releases/assets/514702542"
provenance = "github-attestations"
provenance_verified = true

[[tools.gitleaks]]
version = "8.30.1"
backend = "aqua:gitleaks/gitleaks"

[tools.gitleaks."platforms.linux-x64"]
checksum = "sha256:551f6fc83ea457d62a0d98237cbad105af8d557003051f41f3e7ca7b3f2470eb"
url = "https://github.com/gitleaks/gitleaks/releases/download/v8.30.1/gitleaks_8.30.1_linux_x64.tar.gz"
url_api = "https://api.github.com/repos/gitleaks/gitleaks/releases/assets/378332058"

[tools.gitleaks."platforms.macos-arm64"]
checksum = "sha256:b40ab0ae55c505963e365f271a8d3846efbc170aa17f2607f13df610a9aeb6a5"
url = "https://github.com/gitleaks/gitleaks/releases/download/v8.30.1/gitleaks_8.30.1_darwin_arm64.tar.gz"
url_api = "https://api.github.com/repos/gitleaks/gitleaks/releases/assets/378332059"

[[tools.node]]
version = "24.19.0"
backend = "core:node"

[tools.node."platforms.linux-x64"]
checksum = "sha256:f625d97cd707df4ff96254916fbc5ff014f09c09effe5a1e0ca8f6d41a8789d4"
url = "https://nodejs.org/dist/v24.19.0/node-v24.19.0-linux-x64.tar.gz"

[tools.node."platforms.macos-arm64"]
checksum = "sha256:8294b7aa9b03997481c06babf1e8b270c859358f27da57a11509afe537ac381d"
url = "https://nodejs.org/dist/v24.19.0/node-v24.19.0-darwin-arm64.tar.gz"

[[tools."npm:agent-browser"]]
version = "0.34.0"
backend = "npm:agent-browser"

[[tools.pnpm]]
version = "11.22.0"
backend = "aqua:pnpm/pnpm"

[tools.pnpm."platforms.linux-x64"]
checksum = "sha256:4c592fa410eb23b69691a9efb9bf21c87c15b3e9d88c6ec8acdd354a0eb8de71"
url = "https://github.com/pnpm/pnpm/releases/download/v11.22.0/pnpm-linux-x64.tar.gz"
url_api = "https://api.github.com/repos/pnpm/pnpm/releases/assets/515895948"
provenance = "github-attestations"

[tools.pnpm."platforms.macos-arm64"]
checksum = "sha256:2000dcc8f0718852c2806ba4dca1edaedf18a4a39264474d5a1c8fcee250adfd"
url = "https://github.com/pnpm/pnpm/releases/download/v11.22.0/pnpm-darwin-arm64.tar.gz"
url_api = "https://api.github.com/repos/pnpm/pnpm/releases/assets/515895947"
provenance = "github-attestations"

[[tools.rumdl]]
version = "v0.2.60"
backend = "aqua:rvben/rumdl"

[tools.rumdl."platforms.linux-x64"]
checksum = "sha256:84fc96856d21203b6482b7284aff5b539b7329a5cc078d7a94c55ae40d88752f"
url = "https://github.com/rvben/rumdl/releases/download/v0.2.60/rumdl-v0.2.60-x86_64-unknown-linux-gnu.tar.gz"
url_api = "https://api.github.com/repos/rvben/rumdl/releases/assets/524937024"
provenance = "github-attestations"

[tools.rumdl."platforms.macos-arm64"]
checksum = "sha256:f195e442ffa87fca71b3362333fd0c7b4818913ee84421917fa1a9638693b01f"
url = "https://github.com/rvben/rumdl/releases/download/v0.2.60/rumdl-v0.2.60-aarch64-apple-darwin.tar.gz"
url_api = "https://api.github.com/repos/rvben/rumdl/releases/assets/524937031"
provenance = "github-attestations"
